
Microsoft Visual Studio Solution File, Format Version 12.00
# Visual Studio Version 16
VisualStudioVersion = 16.0.30804.86
MinimumVisualStudioVersion = 10.0.40219.1
Project("{9A19103F-16F7-4668-BE54-9A1E7A4F7556}") = "ContactManager", "Contact Manager\ContactManager.csproj", "{CFC66D95-0826-468B-BA47-5FABD3926DF6}"
EndProject
Global
	GlobalSection(SolutionConfigurationPlatforms) = preSolution
		Debug|Any CPU = Debug|Any CPU
		Release|Any CPU = Release|Any CPU
	EndGlobalSection
	GlobalSection(ProjectConfigurationPlatforms) = postSolution
		{CFC66D95-0826-468B-BA47-5FABD3926DF6}.Debug|Any CPU.ActiveCfg = Debug|Any CPU
		{CFC66D95-0826-468B-BA47-5FABD3926DF6}.Debug|Any CPU.Build.0 = Debug|Any CPU
		{CFC66D95-0826-468B-BA47-5FABD3926DF6}.Release|Any CPU.ActiveCfg = Release|Any CPU
		{CFC66D95-0826-468B-BA47-5FABD3926DF6}.Release|Any CPU.Build.0 = Release|Any CPU
	EndGlobalSection
	GlobalSection(SolutionProperties) = preSolution
		HideSolutionNode = FALSE
	EndGlobalSection
	GlobalSection(ExtensibilityGlobals) = postSolution
		SolutionGuid = {9E09A843-57A7-4F96-8A96-0D51D28AAEC0}
	EndGlobalSection
EndGlobal
